
Microsoft Visual Studio Solution File, Format Version 12.00
# Visual Studio Version 17
VisualStudioVersion = 17.11.35327.3
MinimumVisualStudioVersion = 10.0.40219.1
Project("{FAE04EC0-301F-11D3-BF4B-00C04F79EFBC}") = "TpTarjetaColectivo", "TpTarjetaColectivo.csproj", "{2DD7BC6D-9699-4858-96A4-08AE58AE5454}"
EndProject
Project("{FAE04EC0-301F-11D3-BF4B-00C04F79EFBC}") = "TpTarjeta.Tests", "..\TpTarjeta.Tests\TpTarjeta.Tests.csproj", "{C5084638-A25C-45E1-9282-E7BCD8401C68}"
EndProject
Global
	GlobalSection(SolutionConfigurationPlatforms) = preSolution
		Debug|Any CPU = Debug|Any CPU
		Release|Any CPU = Release|Any CPU
	EndGlobalSection
	GlobalSection(ProjectConfigurationPlatforms) = postSolution
		{2DD7BC6D-9699-4858-96A4-08AE58AE5454}.Debug|Any CPU.ActiveCfg = Debug|Any CPU
		{2DD7BC6D-9699-4858-96A4-08AE58AE5454}.Debug|Any CPU.Build.0 = Debug|Any CPU
		{2DD7BC6D-9699-4858-96A4-08AE58AE5454}.Release|Any CPU.ActiveCfg = Release|Any CPU
		{2DD7BC6D-9699-4858-96A4-08AE58AE5454}.Release|Any CPU.Build.0 = Release|Any CPU
		{C5084638-A25C-45E1-9282-E7BCD8401C68}.Debug|Any CPU.ActiveCfg = Debug|Any CPU
		{C5084638-A25C-45E1-9282-E7BCD8401C68}.Debug|Any CPU.Build.0 = Debug|Any CPU
		{C5084638-A25C-45E1-9282-E7BCD8401C68}.Release|Any CPU.ActiveCfg = Release|Any CPU
		{C5084638-A25C-45E1-9282-E7BCD8401C68}.Release|Any CPU.Build.0 = Release|Any CPU
	EndGlobalSection
	GlobalSection(SolutionProperties) = preSolution
		HideSolutionNode = FALSE
	EndGlobalSection
	GlobalSection(ExtensibilityGlobals) = postSolution
		SolutionGuid = {D36E6F18-0C4C-45D0-A421-E008EE68134D}
	EndGlobalSection
EndGlobal
